
Microsoft Visual Studio Solution File, Format Version 12.00
# Visual Studio Version 16
VisualStudioVersion = 16.0.29609.76
MinimumVisualStudioVersion = 10.0.40219.1
Project("{FAE04EC0-301F-11D3-BF4B-00C04F79EFBC}") = "PRS-ExtractKeyPhrases", "PRS-ExtractKeyPhrases.csproj", "{149B539B-DED6-4059-B870-27D95B67B0E3}"
EndProject
Global
	GlobalSection(SolutionConfigurationPlatforms) = preSolution
		Debug|Any CPU = Debug|Any CPU
		Release|Any CPU = Release|Any CPU
	EndGlobalSection
	GlobalSection(ProjectConfigurationPlatforms) = postSolution
		{149B539B-DED6-4059-B870-27D95B67B0E3}.Debug|Any CPU.ActiveCfg = Debug|Any CPU
		{149B539B-DED6-4059-B870-27D95B67B0E3}.Debug|Any CPU.Build.0 = Debug|Any CPU
		{149B539B-DED6-4059-B870-27D95B67B0E3}.Release|Any CPU.ActiveCfg = Release|Any CPU
		{149B539B-DED6-4059-B870-27D95B67B0E3}.Release|Any CPU.Build.0 = Release|Any CPU
	EndGlobalSection
	GlobalSection(SolutionProperties) = preSolution
		HideSolutionNode = FALSE
	EndGlobalSection
	GlobalSection(ExtensibilityGlobals) = postSolution
		SolutionGuid = {ED9492D7-975A-45C0-9294-5CEF37C48574}
	EndGlobalSection
EndGlobal
